
Microsoft Visual Studio Solution File, Format Version 12.00
# Visual Studio 2012
Project("{FAE04EC0-301F-11D3-BF4B-00C04F79EFBC}") = "ReadEdmxFiles", "ReadEdmxFiles.csproj", "{00580C74-D68B-4FF7-BAA3-07AB05F990E4}"
EndProject
Project("{FAE04EC0-301F-11D3-BF4B-00C04F79EFBC}") = "TiraggoEdmx", "..\TiraggoEdmx.csproj", "{DAED047A-440D-40DB-8A33-35D7E9D3E155}"
EndProject
Global
	GlobalSection(SolutionConfigurationPlatforms) = preSolution
		Debug|Any CPU = Debug|Any CPU
		Release|Any CPU = Release|Any CPU
	EndGlobalSection
	GlobalSection(ProjectConfigurationPlatforms) = postSolution
		{00580C74-D68B-4FF7-BAA3-07AB05F990E4}.Debug|Any CPU.ActiveCfg = Debug|Any CPU
		{00580C74-D68B-4FF7-BAA3-07AB05F990E4}.Debug|Any CPU.Build.0 = Debug|Any CPU
		{00580C74-D68B-4FF7-BAA3-07AB05F990E4}.Release|Any CPU.ActiveCfg = Release|Any CPU
		{00580C74-D68B-4FF7-BAA3-07AB05F990E4}.Release|Any CPU.Build.0 = Release|Any CPU
		{DAED047A-440D-40DB-8A33-35D7E9D3E155}.Debug|Any CPU.ActiveCfg = Debug|Any CPU
		{DAED047A-440D-40DB-8A33-35D7E9D3E155}.Debug|Any CPU.Build.0 = Debug|Any CPU
		{DAED047A-440D-40DB-8A33-35D7E9D3E155}.Release|Any CPU.ActiveCfg = Release|Any CPU
		{DAED047A-440D-40DB-8A33-35D7E9D3E155}.Release|Any CPU.Build.0 = Release|Any CPU
	EndGlobalSection
	GlobalSection(SolutionProperties) = preSolution
		HideSolutionNode = FALSE
	EndGlobalSection
EndGlobal
